// !$*UTF8*$!
{
	archiveVersion = 1;
	classes = {
	};
	objectVersion = 50;
	objects = {

/* Begin PBXBuildFile section */
		1849BAE522FC90B20049EA5C /* AppDelegate.swift in Sources */ = {isa = PBXBuildFile; fileRef = 1849BAE422FC90B20049EA5C /* AppDelegate.swift */; };
		1849BAE722FC90B20049EA5C /* ViewController.swift in Sources */ = {isa = PBXBuildFile; fileRef = 1849BAE622FC90B20049EA5C /* ViewController.swift */; };
		1849BAEA22FC90B20049EA5C /* Main.storyboard in Resources */ = {isa = PBXBuildFile; fileRef = 1849BAE822FC90B20049EA5C /* Main.storyboard */; };
		1849BAED22FC90B20049EA5C /* actions_and_outlets_practice.xcdatamodeld in Sources */ = {isa = PBXBuildFile; fileRef = 1849BAEB22FC90B20049EA5C /* actions_and_outlets_practice.xcdatamodeld */; };
		1849BAEF22FC90B30049EA5C /* Assets.xcassets in Resources */ = {isa = PBXBuildFile; fileRef = 1849BAEE22FC90B30049EA5C /* Assets.xcassets */; };
		1849BAF222FC90B30049EA5C /* LaunchScreen.storyboard in Resources */ = {isa = PBXBuildFile; fileRef = 1849BAF022FC90B30049EA5C /* LaunchScreen.storyboard */; };
		1849BAFD22FC90B40049EA5C /* actions_and_outlets_practiceTests.swift in Sources */ = {isa = PBXBuildFile; fileRef = 1849BAFC22FC90B40049EA5C /* actions_and_outlets_practiceTests.swift */; };
		1849BB0822FC90B40049EA5C /* actions_and_outlets_practiceUITests.swift in Sources */ = {isa = PBXBuildFile; fileRef = 1849BB0722FC90B40049EA5C /* actions_and_outlets_practiceUITests.swift */; };
/* End PBXBuildFile section */

/* Begin PBXContainerItemProxy section */
		1849BAF922FC90B40049EA5C /* PBXContainerItemProxy */ = {
			isa = PBXContainerItemProxy;
			containerPortal = 1849BAD922FC90B20049EA5C /* Project object */;
			proxyType = 1;
			remoteGlobalIDString = 1849BAE022FC90B20049EA5C;
			remoteInfo = "actions and outlets practice";
		};
		1849BB0422FC90B40049EA5C /* PBXContainerItemProxy */ = {
			isa = PBXContainerItemProxy;
			containerPortal = 1849BAD922FC90B20049EA5C /* Project object */;
			proxyType = 1;
			remoteGlobalIDString = 1849BAE022FC90B20049EA5C;
			remoteInfo = "actions and outlets practice";
		};
/* End PBXContainerItemProxy section */

/* Begin PBXFileReference section */
		1849BAE122FC90B20049EA5C /* actions and outlets practice.app */ = {isa = PBXFileReference; explicitFileType = wrapper.application; includeInIndex = 0; path = "actions and outlets practice.app"; sourceTree = BUILT_PRODUCTS_DIR; };
		1849BAE422FC90B20049EA5C /* AppDelegate.swift */ = {isa = PBXFileReference; lastKnownFileType = sourcecode.swift; path = AppDelegate.swift; sourceTree = "<group>"; };
		1849BAE622FC90B20049EA5C /* ViewController.swift */ = {isa = PBXFileReference; lastKnownFileType = sourcecode.swift; path = ViewController.swift; sourceTree = "<group>"; };
		1849BAE922FC90B20049EA5C /* Base */ = {isa = PBXFileReference; lastKnownFileType = file.storyboard; name = Base; path = Base.lproj/Main.storyboard; sourceTree = "<group>"; };
		1849BAEC22FC90B20049EA5C /* actions_and_outlets_practice.xcdatamodel */ = {isa = PBXFileReference; lastKnownFileType = wrapper.xcdatamodel; path = actions_and_outlets_practice.xcdatamodel; sourceTree = "<group>"; };
		1849BAEE22FC90B30049EA5C /* Assets.xcassets */ = {isa = PBXFileReference; lastKnownFileType = folder.assetcatalog; path = Assets.xcassets; sourceTree = "<group>"; };
		1849BAF122FC90B30049EA5C /* Base */ = {isa = PBXFileReference; lastKnownFileType = file.storyboard; name = Base; path = Base.lproj/LaunchScreen.storyboard; sourceTree = "<group>"; };
		1849BAF322FC90B40049EA5C /* Info.plist */ = {isa = PBXFileReference; lastKnownFileType = text.plist.xml; path = Info.plist; sourceTree = "<group>"; };
		1849BAF822FC90B40049EA5C /* actions and outlets practiceTests.xctest */ = {isa = PBXFileReference; explicitFileType = wrapper.cfbundle; includeInIndex = 0; path = "actions and outlets practiceTests.xctest"; sourceTree = BUILT_PRODUCTS_DIR; };
		1849BAFC22FC90B40049EA5C /* actions_and_outlets_practiceTests.swift */ = {isa = PBXFileReference; lastKnownFileType = sourcecode.swift; path = actions_and_outlets_practiceTests.swift; sourceTree = "<group>"; };
		1849BAFE22FC90B40049EA5C /* Info.plist */ = {isa = PBXFileReference; lastKnownFileType = text.plist.xml; path = Info.plist; sourceTree = "<group>"; };
		1849BB0322FC90B40049EA5C /* actions and outlets practiceUITests.xctest */ = {isa = PBXFileReference; explicitFileType = wrapper.cfbundle; includeInIndex = 0; path = "actions and outlets practiceUITests.xctest"; sourceTree = BUILT_PRODUCTS_DIR; };
		1849BB0722FC90B40049EA5C /* actions_and_outlets_practiceUITests.swift */ = {isa = PBXFileReference; lastKnownFileType = sourcecode.swift; path = actions_and_outlets_practiceUITests.swift; sourceTree = "<group>"; };
		1849BB0922FC90B40049EA5C /* Info.plist */ = {isa = PBXFileReference; lastKnownFileType = text.plist.xml; path = Info.plist; sourceTree = "<group>"; };
/* End PBXFileReference section */

/* Begin PBXFrameworksBuildPhase section */
		1849BADE22FC90B20049EA5C /* Frameworks */ = {
			isa = PBXFrameworksBuildPhase;
			buildActionMask = 2147483647;
			files = (
			);
			runOnlyForDeploymentPostprocessing = 0;
		};
		1849BAF522FC90B40049EA5C /* Frameworks */ = {
			isa = PBXFrameworksBuildPhase;
			buildActionMask = 2147483647;
			files = (
			);
			runOnlyForDeploymentPostprocessing = 0;
		};
		1849BB0022FC90B40049EA5C /* Frameworks */ = {
			isa = PBXFrameworksBuildPhase;
			buildActionMask = 2147483647;
			files = (
			);
			runOnlyForDeploymentPostprocessing = 0;
		};
/* End PBXFrameworksBuildPhase section */

/* Begin PBXGroup section */
		1849BAD822FC90B20049EA5C = {
			isa = PBXGroup;
			children = (
				1849BAE322FC90B20049EA5C /* actions and outlets practice */,
				1849BAFB22FC90B40049EA5C /* actions and outlets practiceTests */,
				1849BB0622FC90B40049EA5C /* actions and outlets practiceUITests */,
				1849BAE222FC90B20049EA5C /* Products */,
			);
			sourceTree = "<group>";
		};
		1849BAE222FC90B20049EA5C /* Products */ = {
			isa = PBXGroup;
			children = (
				1849BAE122FC90B20049EA5C /* actions and outlets practice.app */,
				1849BAF822FC90B40049EA5C /* actions and outlets practiceTests.xctest */,
				1849BB0322FC90B40049EA5C /* actions and outlets practiceUITests.xctest */,
			);
			name = Products;
			sourceTree = "<group>";
		};
		1849BAE322FC90B20049EA5C /* actions and outlets practice */ = {
			isa = PBXGroup;
			children = (
				1849BAE422FC90B20049EA5C /* AppDelegate.swift */,
				1849BAE622FC90B20049EA5C /* ViewController.swift */,
				1849BAE822FC90B20049EA5C /* Main.storyboard */,
				1849BAEE22FC90B30049EA5C /* Assets.xcassets */,
				1849BAF022FC90B30049EA5C /* LaunchScreen.storyboard */,
				1849BAF322FC90B40049EA5C /* Info.plist */,
				1849BAEB22FC90B20049EA5C /* actions_and_outlets_practice.xcdatamodeld */,
			);
			path = "actions and outlets practice";
			sourceTree = "<group>";
		};
		1849BAFB22FC90B40049EA5C /* actions and outlets practiceTests */ = {
			isa = PBXGroup;
			children = (
				1849BAFC22FC90B40049EA5C /* actions_and_outlets_practiceTests.swift */,
				1849BAFE22FC90B40049EA5C /* Info.plist */,
			);
			path = "actions and outlets practiceTests";
			sourceTree = "<group>";
		};
		1849BB0622FC90B40049EA5C /* actions and outlets practiceUITests */ = {
			isa = PBXGroup;
			children = (
				1849BB0722FC90B40049EA5C /* actions_and_outlets_practiceUITests.swift */,
				1849BB0922FC90B40049EA5C /* Info.plist */,
			);
			path = "actions and outlets practiceUITests";
			sourceTree = "<group>";
		};
/* End PBXGroup section */

/* Begin PBXNativeTarget section */
		1849BAE022FC90B20049EA5C /* actions and outlets practice */ = {
			isa = PBXNativeTarget;
			buildConfigurationList = 1849BB0C22FC90B40049EA5C /* Build configuration list for PBXNativeTarget "actions and outlets practice" */;
			buildPhases = (
				1849BADD22FC90B20049EA5C /* Sources */,
				1849BADE22FC90B20049EA5C /* Frameworks */,
				1849BADF22FC90B20049EA5C /* Resources */,
			);
			buildRules = (
			);
			dependencies = (
			);
			name = "actions and outlets practice";
			productName = "actions and outlets practice";
			productReference = 1849BAE122FC90B20049EA5C /* actions and outlets practice.app */;
			productType = "com.apple.product-type.application";
		};
		1849BAF722FC90B40049EA5C /* actions and outlets practiceTests */ = {
			isa = PBXNativeTarget;
			buildConfigurationList = 1849BB0F22FC90B40049EA5C /* Build configuration list for PBXNativeTarget "actions and outlets practiceTests" */;
			buildPhases = (
				1849BAF422FC90B40049EA5C /* Sources */,
				1849BAF522FC90B40049EA5C /* Frameworks */,
				1849BAF622FC90B40049EA5C /* Resources */,
			);
			buildRules = (
			);
			dependencies = (
				1849BAFA22FC90B40049EA5C /* PBXTargetDependency */,
			);
			name = "actions and outlets practiceTests";
			productName = "actions and outlets practiceTests";
			productReference = 1849BAF822FC90B40049EA5C /* actions and outlets practiceTests.xctest */;
			productType = "com.apple.product-type.bundle.unit-test";
		};
		1849BB0222FC90B40049EA5C /* actions and outlets practiceUITests */ = {
			isa = PBXNativeTarget;
			buildConfigurationList = 1849BB1222FC90B40049EA5C /* Build configuration list for PBXNativeTarget "actions and outlets practiceUITests" */;
			buildPhases = (
				1849BAFF22FC90B40049EA5C /* Sources */,
				1849BB0022FC90B40049EA5C /* Frameworks */,
				1849BB0122FC90B40049EA5C /* Resources */,
			);
			buildRules = (
			);
			dependencies = (
				1849BB0522FC90B40049EA5C /* PBXTargetDependency */,
			);
			name = "actions and outlets practiceUITests";
			productName = "actions and outlets practiceUITests";
			productReference = 1849BB0322FC90B40049EA5C /* actions and outlets practiceUITests.xctest */;
			productType = "com.apple.product-type.bundle.ui-testing";
		};
/* End PBXNativeTarget section */

/* Begin PBXProject section */
		1849BAD922FC90B20049EA5C /* Project object */ = {
			isa = PBXProject;
			attributes = {
				LastSwiftUpdateCheck = 1020;
				LastUpgradeCheck = 1020;
				ORGANIZATIONNAME = Apple;
				TargetAttributes = {
					1849BAE022FC90B20049EA5C = {
						CreatedOnToolsVersion = 10.2.1;
					};
					1849BAF722FC90B40049EA5C = {
						CreatedOnToolsVersion = 10.2.1;
						TestTargetID = 1849BAE022FC90B20049EA5C;
					};
					1849BB0222FC90B40049EA5C = {
						CreatedOnToolsVersion = 10.2.1;
						TestTargetID = 1849BAE022FC90B20049EA5C;
					};
				};
			};
			buildConfigurationList = 1849BADC22FC90B20049EA5C /* Build configuration list for PBXProject "actions and outlets practice" */;
			compatibilityVersion = "Xcode 9.3";
			developmentRegion = en;
			hasScannedForEncodings = 0;
			knownRegions = (
				en,
				Base,
			);
			mainGroup = 1849BAD822FC90B20049EA5C;
			productRefGroup = 1849BAE222FC90B20049EA5C /* Products */;
			projectDirPath = "";
			projectRoot = "";
			targets = (
				1849BAE022FC90B20049EA5C /* actions and outlets practice */,
				1849BAF722FC90B40049EA5C /* actions and outlets practiceTests */,
				1849BB0222FC90B40049EA5C /* actions and outlets practiceUITests */,
			);
		};
/* End PBXProject section */

/* Begin PBXResourcesBuildPhase section */
		1849BADF22FC90B20049EA5C /* Resources */ = {
			isa = PBXResourcesBuildPhase;
			buildActionMask = 2147483647;
			files = (
				1849BAF222FC90B30049EA5C /* LaunchScreen.storyboard in Resources */,
				1849BAEF22FC90B30049EA5C /* Assets.xcassets in Resources */,
				1849BAEA22FC90B20049EA5C /* Main.storyboard in Resources */,
			);
			runOnlyForDeploymentPostprocessing = 0;
		};
		1849BAF622FC90B40049EA5C /* Resources */ = {
			isa = PBXResourcesBuildPhase;
			buildActionMask = 2147483647;
			files = (
			);
			runOnlyForDeploymentPostprocessing = 0;
		};
		1849BB0122FC90B40049EA5C /* Resources */ = {
			isa = PBXResourcesBuildPhase;
			buildActionMask = 2147483647;
			files = (
			);
			runOnlyForDeploymentPostprocessing = 0;
		};
/* End PBXResourcesBuildPhase section */

/* Begin PBXSourcesBuildPhase section */
		1849BADD22FC90B20049EA5C /* Sources */ = {
			isa = PBXSourcesBuildPhase;
			buildActionMask = 2147483647;
			files = (
				1849BAED22FC90B20049EA5C /* actions_and_outlets_practice.xcdatamodeld in Sources */,
				1849BAE722FC90B20049EA5C /* ViewController.swift in Sources */,
				1849BAE522FC90B20049EA5C /* AppDelegate.swift in Sources */,
			);
			runOnlyForDeploymentPostprocessing = 0;
		};
		1849BAF422FC90B40049EA5C /* Sources */ = {
			isa = PBXSourcesBuildPhase;
			buildActionMask = 2147483647;
			files = (
				1849BAFD22FC90B40049EA5C /* actions_and_outlets_practiceTests.swift in Sources */,
			);
			runOnlyForDeploymentPostprocessing = 0;
		};
		1849BAFF22FC90B40049EA5C /* Sources */ = {
			isa = PBXSourcesBuildPhase;
			buildActionMask = 2147483647;
			files = (
				1849BB0822FC90B40049EA5C /* actions_and_outlets_practiceUITests.swift in Sources */,
			);
			runOnlyForDeploymentPostprocessing = 0;
		};
/* End PBXSourcesBuildPhase section */

/* Begin PBXTargetDependency section */
		1849BAFA22FC90B40049EA5C /* PBXTargetDependency */ = {
			isa = PBXTargetDependency;
			target = 1849BAE022FC90B20049EA5C /* actions and outlets practice */;
			targetProxy = 1849BAF922FC90B40049EA5C /* PBXContainerItemProxy */;
		};
		1849BB0522FC90B40049EA5C /* PBXTargetDependency */ = {
			isa = PBXTargetDependency;
			target = 1849BAE022FC90B20049EA5C /* actions and outlets practice */;
			targetProxy = 1849BB0422FC90B40049EA5C /* PBXContainerItemProxy */;
		};
/* End PBXTargetDependency section */

/* Begin PBXVariantGroup section */
		1849BAE822FC90B20049EA5C /* Main.storyboard */ = {
			isa = PBXVariantGroup;
			children = (
				1849BAE922FC90B20049EA5C /* Base */,
			);
			name = Main.storyboard;
			sourceTree = "<group>";
		};
		1849BAF022FC90B30049EA5C /* LaunchScreen.storyboard */ = {
			isa = PBXVariantGroup;
			children = (
				1849BAF122FC90B30049EA5C /* Base */,
			);
			name = LaunchScreen.storyboard;
			sourceTree = "<group>";
		};
/* End PBXVariantGroup section */

/* Begin XCBuildConfiguration section */
		1849BB0A22FC90B40049EA5C /* Debug */ = {
			isa = XCBuildConfiguration;
			buildSettings = {
				ALWAYS_SEARCH_USER_PATHS = NO;
				CLANG_ANALYZER_NONNULL = YES;
				CLANG_ANALYZER_NUMBER_OBJECT_CONVERSION = YES_AGGRESSIVE;
				CLANG_CXX_LANGUAGE_STANDARD = "gnu++14";
				CLANG_CXX_LIBRARY = "libc++";
				CLANG_ENABLE_MODULES = YES;
				CLANG_ENABLE_OBJC_ARC = YES;
				CLANG_ENABLE_OBJC_WEAK = YES;
				CLANG_WARN_BLOCK_CAPTURE_AUTORELEASING = YES;
				CLANG_WARN_BOOL_CONVERSION = YES;
				CLANG_WARN_COMMA = YES;
				CLANG_WARN_CONSTANT_CONVERSION = YES;
				CLANG_WARN_DEPRECATED_OBJC_IMPLEMENTATIONS = YES;
				CLANG_WARN_DIRECT_OBJC_ISA_USAGE = YES_ERROR;
				CLANG_WARN_DOCUMENTATION_COMMENTS = YES;
				CLANG_WARN_EMPTY_BODY = YES;
				CLANG_WARN_ENUM_CONVERSION = YES;
				CLANG_WARN_INFINITE_RECURSION = YES;
				CLANG_WARN_INT_CONVERSION = YES;
				CLANG_WARN_NON_LITERAL_NULL_CONVERSION = YES;
				CLANG_WARN_OBJC_IMPLICIT_RETAIN_SELF = YES;
				CLANG_WARN_OBJC_LITERAL_CONVERSION = YES;
				CLANG_WARN_OBJC_ROOT_CLASS = YES_ERROR;
				CLANG_WARN_RANGE_LOOP_ANALYSIS = YES;
				CLANG_WARN_STRICT_PROTOTYPES = YES;
				CLANG_WARN_SUSPICIOUS_MOVE = YES;
				CLANG_WARN_UNGUARDED_AVAILABILITY = YES_AGGRESSIVE;
				CLANG_WARN_UNREACHABLE_CODE = YES;
				CLANG_WARN__DUPLICATE_METHOD_MATCH = YES;
				CODE_SIGN_IDENTITY = "iPhone Developer";
				COPY_PHASE_STRIP = NO;
				DEBUG_INFORMATION_FORMAT = dwarf;
				ENABLE_STRICT_OBJC_MSGSEND = YES;
				ENABLE_TESTABILITY = YES;
				GCC_C_LANGUAGE_STANDARD = gnu11;
				GCC_DYNAMIC_NO_PIC = NO;
				GCC_NO_COMMON_BLOCKS = YES;
				GCC_OPTIMIZATION_LEVEL = 0;
				GCC_PREPROCESSOR_DEFINITIONS = (
					"DEBUG=1",
					"$(inherited)",
				);
				GCC_WARN_64_TO_32_BIT_CONVERSION = YES;
				GCC_WARN_ABOUT_RETURN_TYPE = YES_ERROR;
				GCC_WARN_UNDECLARED_SELECTOR = YES;
				GCC_WARN_UNINITIALIZED_AUTOS = YES_AGGRESSIVE;
				GCC_WARN_UNUSED_FUNCTION = YES;
				GCC_WARN_UNUSED_VARIABLE = YES;
				IPHONEOS_DEPLOYMENT_TARGET = 12.2;
				MTL_ENABLE_DEBUG_INFO = INCLUDE_SOURCE;
				MTL_FAST_MATH = YES;
				ONLY_ACTIVE_ARCH = YES;
				SDKROOT = iphoneos;
				SWIFT_ACTIVE_COMPILATION_CONDITIONS = DEBUG;
				SWIFT_OPTIMIZATION_LEVEL = "-Onone";
			};
			name = Debug;
		};
		1849BB0B22FC90B40049EA5C /* Release */ = {
			isa = XCBuildConfiguration;
			buildSettings = {
				ALWAYS_SEARCH_USER_PATHS = NO;
				CLANG_ANALYZER_NONNULL = YES;
				CLANG_ANALYZER_NUMBER_OBJECT_CONVERSION = YES_AGGRESSIVE;
				CLANG_CXX_LANGUAGE_STANDARD = "gnu++14";
				CLANG_CXX_LIBRARY = "libc++";
				CLANG_ENABLE_MODULES = YES;
				CLANG_ENABLE_OBJC_ARC = YES;
				CLANG_ENABLE_OBJC_WEAK = YES;
				CLANG_WARN_BLOCK_CAPTURE_AUTORELEASING = YES;
				CLANG_WARN_BOOL_CONVERSION = YES;
				CLANG_WARN_COMMA = YES;
				CLANG_WARN_CONSTANT_CONVERSION = YES;
				CLANG_WARN_DEPRECATED_OBJC_IMPLEMENTATIONS = YES;
				CLANG_WARN_DIRECT_OBJC_ISA_USAGE = YES_ERROR;
				CLANG_WARN_DOCUMENTATION_COMMENTS = YES;
				CLANG_WARN_EMPTY_BODY = YES;
				CLANG_WARN_ENUM_CONVERSION = YES;
				CLANG_WARN_INFINITE_RECURSION = YES;
				CLANG_WARN_INT_CONVERSION = YES;
				CLANG_WARN_NON_LITERAL_NULL_CONVERSION = YES;
				CLANG_WARN_OBJC_IMPLICIT_RETAIN_SELF = YES;
				CLANG_WARN_OBJC_LITERAL_CONVERSION = YES;
				CLANG_WARN_OBJC_ROOT_CLASS = YES_ERROR;
				CLANG_WARN_RANGE_LOOP_ANALYSIS = YES;
				CLANG_WARN_STRICT_PROTOTYPES = YES;
				CLANG_WARN_SUSPICIOUS_MOVE = YES;
				CLANG_WARN_UNGUARDED_AVAILABILITY = YES_AGGRESSIVE;
				CLANG_WARN_UNREACHABLE_CODE = YES;
				CLANG_WARN__DUPLICATE_METHOD_MATCH = YES;
				CODE_SIGN_IDENTITY = "iPhone Developer";
				COPY_PHASE_STRIP = NO;
				DEBUG_INFORMATION_FORMAT = "dwarf-with-dsym";
				ENABLE_NS_ASSERTIONS = NO;
				ENABLE_STRICT_OBJC_MSGSEND = YES;
				GCC_C_LANGUAGE_STANDARD = gnu11;
				GCC_NO_COMMON_BLOCKS = YES;
				GCC_WARN_64_TO_32_BIT_CONVERSION = YES;
				GCC_WARN_ABOUT_RETURN_TYPE = YES_ERROR;
				GCC_WARN_UNDECLARED_SELECTOR = YES;
				GCC_WARN_UNINITIALIZED_AUTOS = YES_AGGRESSIVE;
				GCC_WARN_UNUSED_FUNCTION = YES;
				GCC_WARN_UNUSED_VARIABLE = YES;
				IPHONEOS_DEPLOYMENT_TARGET = 12.2;
				MTL_ENABLE_DEBUG_INFO = NO;
				MTL_FAST_MATH = YES;
				SDKROOT = iphoneos;
				SWIFT_COMPILATION_MODE = wholemodule;
				SWIFT_OPTIMIZATION_LEVEL = "-O";
				VALIDATE_PRODUCT = YES;
			};
			name = Release;
		};
		1849BB0D22FC90B40049EA5C /* Debug */ = {
			isa = XCBuildConfiguration;
			buildSettings = {
				ASSETCATALOG_COMPILER_APPICON_NAME = AppIcon;
				CODE_SIGN_STYLE = Automatic;
				INFOPLIST_FILE = "actions and outlets practice/Info.plist";
				LD_RUNPATH_SEARCH_PATHS = (
					"$(inherited)",
					"@executable_path/Frameworks",
				);
				PRODUCT_BUNDLE_IDENTIFIER = "classesandobjects.actions-and-outlets-practice";
				PRODUCT_NAME = "$(TARGET_NAME)";
				SWIFT_VERSION = 5.0;
				TARGETED_DEVICE_FAMILY = "1,2";
			};
			name = Debug;
		};
		1849BB0E22FC90B40049EA5C /* Release */ = {
			isa = XCBuildConfiguration;
			buildSettings = {
				ASSETCATALOG_COMPILER_APPICON_NAME = AppIcon;
				CODE_SIGN_STYLE = Automatic;
				INFOPLIST_FILE = "actions and outlets practice/Info.plist";
				LD_RUNPATH_SEARCH_PATHS = (
					"$(inherited)",
					"@executable_path/Frameworks",
				);
				PRODUCT_BUNDLE_IDENTIFIER = "classesandobjects.actions-and-outlets-practice";
				PRODUCT_NAME = "$(TARGET_NAME)";
				SWIFT_VERSION = 5.0;
				TARGETED_DEVICE_FAMILY = "1,2";
			};
			name = Release;
		};
		1849BB1022FC90B40049EA5C /* Debug */ = {
			isa = XCBuildConfiguration;
			buildSettings = {
				ALWAYS_EMBED_SWIFT_STANDARD_LIBRARIES = YES;
				BUNDLE_LOADER = "$(TEST_HOST)";
				CODE_SIGN_STYLE = Automatic;
				INFOPLIST_FILE = "actions and outlets practiceTests/Info.plist";
				LD_RUNPATH_SEARCH_PATHS = (
					"$(inherited)",
					"@executable_path/Frameworks",
					"@loader_path/Frameworks",
				);
				PRODUCT_BUNDLE_IDENTIFIER = "classesandobjects.actions-and-outlets-practiceTests";
				PRODUCT_NAME = "$(TARGET_NAME)";
				SWIFT_VERSION = 5.0;
				TARGETED_DEVICE_FAMILY = "1,2";
				TEST_HOST = "$(BUILT_PRODUCTS_DIR)/actions and outlets practice.app/actions and outlets practice";
			};
			name = Debug;
		};
		1849BB1122FC90B40049EA5C /* Release */ = {
			isa = XCBuildConfiguration;
			buildSettings = {
				ALWAYS_EMBED_SWIFT_STANDARD_LIBRARIES = YES;
				BUNDLE_LOADER = "$(TEST_HOST)";
				CODE_SIGN_STYLE = Automatic;
				INFOPLIST_FILE = "actions and outlets practiceTests/Info.plist";
				LD_RUNPATH_SEARCH_PATHS = (
					"$(inherited)",
					"@executable_path/Frameworks",
					"@loader_path/Frameworks",
				);
				PRODUCT_BUNDLE_IDENTIFIER = "classesandobjects.actions-and-outlets-practiceTests";
				PRODUCT_NAME = "$(TARGET_NAME)";
				SWIFT_VERSION = 5.0;
				TARGETED_DEVICE_FAMILY = "1,2";
				TEST_HOST = "$(BUILT_PRODUCTS_DIR)/actions and outlets practice.app/actions and outlets practice";
			};
			name = Release;
		};
		1849BB1322FC90B40049EA5C /* Debug */ = {
			isa = XCBuildConfiguration;
			buildSettings = {
				ALWAYS_EMBED_SWIFT_STANDARD_LIBRARIES = YES;
				CODE_SIGN_STYLE = Automatic;
				INFOPLIST_FILE = "actions and outlets practiceUITests/Info.plist";
				LD_RUNPATH_SEARCH_PATHS = (
					"$(inherited)",
					"@executable_path/Frameworks",
					"@loader_path/Frameworks",
				);
				PRODUCT_BUNDLE_IDENTIFIER = "classesandobjects.actions-and-outlets-practiceUITests";
				PRODUCT_NAME = "$(TARGET_NAME)";
				SWIFT_VERSION = 5.0;
				TARGETED_DEVICE_FAMILY = "1,2";
				TEST_TARGET_NAME = "actions and outlets practice";
			};
			name = Debug;
		};
		1849BB1422FC90B40049EA5C /* Release */ = {
			isa = XCBuildConfiguration;
			buildSettings = {
				ALWAYS_EMBED_SWIFT_STANDARD_LIBRARIES = YES;
				CODE_SIGN_STYLE = Automatic;
				INFOPLIST_FILE = "actions and outlets practiceUITests/Info.plist";
				LD_RUNPATH_SEARCH_PATHS = (
					"$(inherited)",
					"@executable_path/Frameworks",
					"@loader_path/Frameworks",
				);
				PRODUCT_BUNDLE_IDENTIFIER = "classesandobjects.actions-and-outlets-practiceUITests";
				PRODUCT_NAME = "$(TARGET_NAME)";
				SWIFT_VERSION = 5.0;
				TARGETED_DEVICE_FAMILY = "1,2";
				TEST_TARGET_NAME = "actions and outlets practice";
			};
			name = Release;
		};
/* End XCBuildConfiguration section */

/* Begin XCConfigurationList section */
		1849BADC22FC90B20049EA5C /* Build configuration list for PBXProject "actions and outlets practice" */ = {
			isa = XCConfigurationList;
			buildConfigurations = (
				1849BB0A22FC90B40049EA5C /* Debug */,
				1849BB0B22FC90B40049EA5C /* Release */,
			);
			defaultConfigurationIsVisible = 0;
			defaultConfigurationName = Release;
		};
		1849BB0C22FC90B40049EA5C /* Build configuration list for PBXNativeTarget "actions and outlets practice" */ = {
			isa = XCConfigurationList;
			buildConfigurations = (
				1849BB0D22FC90B40049EA5C /* Debug */,
				1849BB0E22FC90B40049EA5C /* Release */,
			);
			defaultConfigurationIsVisible = 0;
			defaultConfigurationName = Release;
		};
		1849BB0F22FC90B40049EA5C /* Build configuration list for PBXNativeTarget "actions and outlets practiceTests" */ = {
			isa = XCConfigurationList;
			buildConfigurations = (
				1849BB1022FC90B40049EA5C /* Debug */,
				1849BB1122FC90B40049EA5C /* Release */,
			);
			defaultConfigurationIsVisible = 0;
			defaultConfigurationName = Release;
		};
		1849BB1222FC90B40049EA5C /* Build configuration list for PBXNativeTarget "actions and outlets practiceUITests" */ = {
			isa = XCConfigurationList;
			buildConfigurations = (
				1849BB1322FC90B40049EA5C /* Debug */,
				1849BB1422FC90B40049EA5C /* Release */,
			);
			defaultConfigurationIsVisible = 0;
			defaultConfigurationName = Release;
		};
/* End XCConfigurationList section */

/* Begin XCVersionGroup section */
		1849BAEB22FC90B20049EA5C /* actions_and_outlets_practice.xcdatamodeld */ = {
			isa = XCVersionGroup;
			children = (
				1849BAEC22FC90B20049EA5C /* actions_and_outlets_practice.xcdatamodel */,
			);
			currentVersion = 1849BAEC22FC90B20049EA5C /* actions_and_outlets_practice.xcdatamodel */;
			path = actions_and_outlets_practice.xcdatamodeld;
			sourceTree = "<group>";
			versionGroupType = wrapper.xcdatamodel;
		};
/* End XCVersionGroup section */
	};
	rootObject = 1849BAD922FC90B20049EA5C /* Project object */;
}
